# This file is automatically @generated by Cargo.
# It is not intended for manual editing.
version = 4

[[package]]
name = "cargo-macho-dylib-consumer"
version = "0.1.0"
dependencies = [
 "cargo-macho-dylib-producer",
]

[[package]]
name = "cargo-macho-dylib-producer"
version = "0.1.0"

[[package]]
name = "cargo-macho-macro-consumer"
version = "0.1.0"
dependencies = [
 "cargo-macho-macro-producer",
]

[[package]]
name = "cargo-macho-macro-producer"
version = "0.1.0"
